
Microsoft Visual Studio Solution File, Format Version 12.00
# Visual Studio Version 17
VisualStudioVersion = 17.7.34031.279
MinimumVisualStudioVersion = 10.0.40219.1
Project("{9A19103F-16F7-4668-BE54-9A1E7A4F7556}") = "EduWork.WebAPI", "EduWork.WebAPI\EduWork.WebAPI.csproj", "{ABB96886-4668-43BC-AAE2-D45FC4AF3D74}"
	ProjectSection(ProjectDependencies) = postProject
		{566A522E-1FAB-4FAB-AB5F-4C862EBA2C78} = {566A522E-1FAB-4FAB-AB5F-4C862EBA2C78}
		{FD264E0E-ACCF-4FAE-AF50-FEFBBB9261E6} = {FD264E0E-ACCF-4FAE-AF50-FEFBBB9261E6}
	EndProjectSection
EndProject
Project("{9A19103F-16F7-4668-BE54-9A1E7A4F7556}") = "EduWork.Data", "EduWork.Data\EduWork.Data.csproj", "{FD264E0E-ACCF-4FAE-AF50-FEFBBB9261E6}"
EndProject
Project("{9A19103F-16F7-4668-BE54-9A1E7A4F7556}") = "EduWork.Domain", "EduWork.Domain\EduWork.Domain.csproj", "{566A522E-1FAB-4FAB-AB5F-4C862EBA2C78}"
EndProject
Project("{9A19103F-16F7-4668-BE54-9A1E7A4F7556}") = "EduWork.Common", "EduWork.Common\EduWork.Common.csproj", "{1A5E468F-646E-4B04-8794-2AD4E7DEA3CD}"
EndProject
Project("{9A19103F-16F7-4668-BE54-9A1E7A4F7556}") = "EduWork.UI", "EduWork.UI\EduWork.UI.csproj", "{0306445C-4976-47DB-8FFB-62B94C0B946F}"
	ProjectSection(ProjectDependencies) = postProject
		{1A5E468F-646E-4B04-8794-2AD4E7DEA3CD} = {1A5E468F-646E-4B04-8794-2AD4E7DEA3CD}
	EndProjectSection
EndProject
Project("{2150E333-8FDC-42A3-9474-1A3956D46DE8}") = "Tests", "Tests", "{7F6241BF-0159-467F-80F2-864C472088FB}"
EndProject
Project("{9A19103F-16F7-4668-BE54-9A1E7A4F7556}") = "EduWork.UnitTests", "EduWork.UnitTests\EduWork.UnitTests.csproj", "{44078617-534A-4334-9B0C-21C1912B5E02}"
EndProject
Project("{9A19103F-16F7-4668-BE54-9A1E7A4F7556}") = "EduWork.ComponentTests", "EduWork.ComponentTests\EduWork.ComponentTests.csproj", "{6D7C60C0-AEAD-4945-A735-937E645645F3}"
EndProject
Global
	GlobalSection(SolutionConfigurationPlatforms) = preSolution
		Debug|Any CPU = Debug|Any CPU
		Release|Any CPU = Release|Any CPU
	EndGlobalSection
	GlobalSection(ProjectConfigurationPlatforms) = postSolution
		{ABB96886-4668-43BC-AAE2-D45FC4AF3D74}.Debug|Any CPU.ActiveCfg = Debug|Any CPU
		{ABB96886-4668-43BC-AAE2-D45FC4AF3D74}.Debug|Any CPU.Build.0 = Debug|Any CPU
		{ABB96886-4668-43BC-AAE2-D45FC4AF3D74}.Release|Any CPU.ActiveCfg = Release|Any CPU
		{ABB96886-4668-43BC-AAE2-D45FC4AF3D74}.Release|Any CPU.Build.0 = Release|Any CPU
		{FD264E0E-ACCF-4FAE-AF50-FEFBBB9261E6}.Debug|Any CPU.ActiveCfg = Debug|Any CPU
		{FD264E0E-ACCF-4FAE-AF50-FEFBBB9261E6}.Debug|Any CPU.Build.0 = Debug|Any CPU
		{FD264E0E-ACCF-4FAE-AF50-FEFBBB9261E6}.Release|Any CPU.ActiveCfg = Release|Any CPU
		{FD264E0E-ACCF-4FAE-AF50-FEFBBB9261E6}.Release|Any CPU.Build.0 = Release|Any CPU
		{566A522E-1FAB-4FAB-AB5F-4C862EBA2C78}.Debug|Any CPU.ActiveCfg = Debug|Any CPU
		{566A522E-1FAB-4FAB-AB5F-4C862EBA2C78}.Debug|Any CPU.Build.0 = Debug|Any CPU
		{566A522E-1FAB-4FAB-AB5F-4C862EBA2C78}.Release|Any CPU.ActiveCfg = Release|Any CPU
		{566A522E-1FAB-4FAB-AB5F-4C862EBA2C78}.Release|Any CPU.Build.0 = Release|Any CPU
		{1A5E468F-646E-4B04-8794-2AD4E7DEA3CD}.Debug|Any CPU.ActiveCfg = Debug|Any CPU
		{1A5E468F-646E-4B04-8794-2AD4E7DEA3CD}.Debug|Any CPU.Build.0 = Debug|Any CPU
		{1A5E468F-646E-4B04-8794-2AD4E7DEA3CD}.Release|Any CPU.ActiveCfg = Release|Any CPU
		{1A5E468F-646E-4B04-8794-2AD4E7DEA3CD}.Release|Any CPU.Build.0 = Release|Any CPU
		{0306445C-4976-47DB-8FFB-62B94C0B946F}.Debug|Any CPU.ActiveCfg = Debug|Any CPU
		{0306445C-4976-47DB-8FFB-62B94C0B946F}.Debug|Any CPU.Build.0 = Debug|Any CPU
		{0306445C-4976-47DB-8FFB-62B94C0B946F}.Release|Any CPU.ActiveCfg = Release|Any CPU
		{0306445C-4976-47DB-8FFB-62B94C0B946F}.Release|Any CPU.Build.0 = Release|Any CPU
		{44078617-534A-4334-9B0C-21C1912B5E02}.Debug|Any CPU.ActiveCfg = Debug|Any CPU
		{44078617-534A-4334-9B0C-21C1912B5E02}.Debug|Any CPU.Build.0 = Debug|Any CPU
		{44078617-534A-4334-9B0C-21C1912B5E02}.Release|Any CPU.ActiveCfg = Release|Any CPU
		{44078617-534A-4334-9B0C-21C1912B5E02}.Release|Any CPU.Build.0 = Release|Any CPU
		{6D7C60C0-AEAD-4945-A735-937E645645F3}.Debug|Any CPU.ActiveCfg = Debug|Any CPU
		{6D7C60C0-AEAD-4945-A735-937E645645F3}.Debug|Any CPU.Build.0 = Debug|Any CPU
		{6D7C60C0-AEAD-4945-A735-937E645645F3}.Release|Any CPU.ActiveCfg = Release|Any CPU
		{6D7C60C0-AEAD-4945-A735-937E645645F3}.Release|Any CPU.Build.0 = Release|Any CPU
	EndGlobalSection
	GlobalSection(SolutionProperties) = preSolution
		HideSolutionNode = FALSE
	EndGlobalSection
	GlobalSection(NestedProjects) = preSolution
		{44078617-534A-4334-9B0C-21C1912B5E02} = {7F6241BF-0159-467F-80F2-864C472088FB}
		{6D7C60C0-AEAD-4945-A735-937E645645F3} = {7F6241BF-0159-467F-80F2-864C472088FB}
	EndGlobalSection
	GlobalSection(ExtensibilityGlobals) = postSolution
		SolutionGuid = {F4B10DE6-CD46-44B1-8DE3-238AA99324CA}
	EndGlobalSection
EndGlobal
